
Microsoft Visual Studio Solution File, Format Version 12.00
# Visual Studio 2012
Project("{FAE04EC0-301F-11D3-BF4B-00C04F79EFBC}") = "SelfMailer", "SelfMailer\SelfMailer.csproj", "{A28B9278-0798-41EF-AD82-0934606572F8}"
EndProject
Project("{FAE04EC0-301F-11D3-BF4B-00C04F79EFBC}") = "OperatorOverloading", "OperatorOverloading\OperatorOverloading.csproj", "{27B1E9C1-9FBE-42C7-ADD2-9F9B837977DF}"
EndProject
Project("{FAE04EC0-301F-11D3-BF4B-00C04F79EFBC}") = "IntroductionW8", "IntroductionW8\IntroductionW8.csproj", "{EABD6390-522C-42B9-A0BB-7F3113B55928}"
EndProject
Project("{FAE04EC0-301F-11D3-BF4B-00C04F79EFBC}") = "UnitTest", "UnitTest\UnitTest.csproj", "{1C0127A0-9B64-4EB4-A9FB-7948CAAFD1EA}"
EndProject
Project("{FAE04EC0-301F-11D3-BF4B-00C04F79EFBC}") = "RegularExpressions", "RegularExpressions\RegularExpressions.csproj", "{281BF056-133D-41B7-9656-5575C0D2406F}"
EndProject
Global
	GlobalSection(SolutionConfigurationPlatforms) = preSolution
		Debug|Any CPU = Debug|Any CPU
		Debug|ARM = Debug|ARM
		Debug|Mixed Platforms = Debug|Mixed Platforms
		Debug|x64 = Debug|x64
		Debug|x86 = Debug|x86
		Release|Any CPU = Release|Any CPU
		Release|ARM = Release|ARM
		Release|Mixed Platforms = Release|Mixed Platforms
		Release|x64 = Release|x64
		Release|x86 = Release|x86
	EndGlobalSection
	GlobalSection(ProjectConfigurationPlatforms) = postSolution
		{A28B9278-0798-41EF-AD82-0934606572F8}.Debug|Any CPU.ActiveCfg = Debug|Any CPU
		{A28B9278-0798-41EF-AD82-0934606572F8}.Debug|Any CPU.Build.0 = Debug|Any CPU
		{A28B9278-0798-41EF-AD82-0934606572F8}.Debug|ARM.ActiveCfg = Debug|Any CPU
		{A28B9278-0798-41EF-AD82-0934606572F8}.Debug|Mixed Platforms.ActiveCfg = Debug|Any CPU
		{A28B9278-0798-41EF-AD82-0934606572F8}.Debug|Mixed Platforms.Build.0 = Debug|Any CPU
		{A28B9278-0798-41EF-AD82-0934606572F8}.Debug|x64.ActiveCfg = Debug|Any CPU
		{A28B9278-0798-41EF-AD82-0934606572F8}.Debug|x86.ActiveCfg = Debug|Any CPU
		{A28B9278-0798-41EF-AD82-0934606572F8}.Release|Any CPU.ActiveCfg = Release|Any CPU
		{A28B9278-0798-41EF-AD82-0934606572F8}.Release|Any CPU.Build.0 = Release|Any CPU
		{A28B9278-0798-41EF-AD82-0934606572F8}.Release|ARM.ActiveCfg = Release|Any CPU
		{A28B9278-0798-41EF-AD82-0934606572F8}.Release|Mixed Platforms.ActiveCfg = Release|Any CPU
		{A28B9278-0798-41EF-AD82-0934606572F8}.Release|Mixed Platforms.Build.0 = Release|Any CPU
		{A28B9278-0798-41EF-AD82-0934606572F8}.Release|x64.ActiveCfg = Release|Any CPU
		{A28B9278-0798-41EF-AD82-0934606572F8}.Release|x86.ActiveCfg = Release|Any CPU
		{27B1E9C1-9FBE-42C7-ADD2-9F9B837977DF}.Debug|Any CPU.ActiveCfg = Debug|x86
		{27B1E9C1-9FBE-42C7-ADD2-9F9B837977DF}.Debug|ARM.ActiveCfg = Debug|x86
		{27B1E9C1-9FBE-42C7-ADD2-9F9B837977DF}.Debug|Mixed Platforms.ActiveCfg = Debug|x86
		{27B1E9C1-9FBE-42C7-ADD2-9F9B837977DF}.Debug|Mixed Platforms.Build.0 = Debug|x86
		{27B1E9C1-9FBE-42C7-ADD2-9F9B837977DF}.Debug|x64.ActiveCfg = Debug|x86
		{27B1E9C1-9FBE-42C7-ADD2-9F9B837977DF}.Debug|x86.ActiveCfg = Debug|x86
		{27B1E9C1-9FBE-42C7-ADD2-9F9B837977DF}.Debug|x86.Build.0 = Debug|x86
		{27B1E9C1-9FBE-42C7-ADD2-9F9B837977DF}.Release|Any CPU.ActiveCfg = Release|x86
		{27B1E9C1-9FBE-42C7-ADD2-9F9B837977DF}.Release|ARM.ActiveCfg = Release|x86
		{27B1E9C1-9FBE-42C7-ADD2-9F9B837977DF}.Release|Mixed Platforms.ActiveCfg = Release|x86
		{27B1E9C1-9FBE-42C7-ADD2-9F9B837977DF}.Release|Mixed Platforms.Build.0 = Release|x86
		{27B1E9C1-9FBE-42C7-ADD2-9F9B837977DF}.Release|x64.ActiveCfg = Release|x86
		{27B1E9C1-9FBE-42C7-ADD2-9F9B837977DF}.Release|x86.ActiveCfg = Release|x86
		{27B1E9C1-9FBE-42C7-ADD2-9F9B837977DF}.Release|x86.Build.0 = Release|x86
		{EABD6390-522C-42B9-A0BB-7F3113B55928}.Debug|Any CPU.ActiveCfg = Debug|Any CPU
		{EABD6390-522C-42B9-A0BB-7F3113B55928}.Debug|Any CPU.Build.0 = Debug|Any CPU
		{EABD6390-522C-42B9-A0BB-7F3113B55928}.Debug|Any CPU.Deploy.0 = Debug|Any CPU
		{EABD6390-522C-42B9-A0BB-7F3113B55928}.Debug|ARM.ActiveCfg = Debug|ARM
		{EABD6390-522C-42B9-A0BB-7F3113B55928}.Debug|ARM.Build.0 = Debug|ARM
		{EABD6390-522C-42B9-A0BB-7F3113B55928}.Debug|ARM.Deploy.0 = Debug|ARM
		{EABD6390-522C-42B9-A0BB-7F3113B55928}.Debug|Mixed Platforms.ActiveCfg = Debug|x86
		{EABD6390-522C-42B9-A0BB-7F3113B55928}.Debug|Mixed Platforms.Build.0 = Debug|x86
		{EABD6390-522C-42B9-A0BB-7F3113B55928}.Debug|Mixed Platforms.Deploy.0 = Debug|x86
		{EABD6390-522C-42B9-A0BB-7F3113B55928}.Debug|x64.ActiveCfg = Debug|x64
		{EABD6390-522C-42B9-A0BB-7F3113B55928}.Debug|x64.Build.0 = Debug|x64
		{EABD6390-522C-42B9-A0BB-7F3113B55928}.Debug|x64.Deploy.0 = Debug|x64
		{EABD6390-522C-42B9-A0BB-7F3113B55928}.Debug|x86.ActiveCfg = Debug|x86
		{EABD6390-522C-42B9-A0BB-7F3113B55928}.Debug|x86.Build.0 = Debug|x86
		{EABD6390-522C-42B9-A0BB-7F3113B55928}.Debug|x86.Deploy.0 = Debug|x86
		{EABD6390-522C-42B9-A0BB-7F3113B55928}.Release|Any CPU.ActiveCfg = Release|Any CPU
		{EABD6390-522C-42B9-A0BB-7F3113B55928}.Release|Any CPU.Build.0 = Release|Any CPU
		{EABD6390-522C-42B9-A0BB-7F3113B55928}.Release|Any CPU.Deploy.0 = Release|Any CPU
		{EABD6390-522C-42B9-A0BB-7F3113B55928}.Release|ARM.ActiveCfg = Release|ARM
		{EABD6390-522C-42B9-A0BB-7F3113B55928}.Release|ARM.Build.0 = Release|ARM
		{EABD6390-522C-42B9-A0BB-7F3113B55928}.Release|ARM.Deploy.0 = Release|ARM
		{EABD6390-522C-42B9-A0BB-7F3113B55928}.Release|Mixed Platforms.ActiveCfg = Release|x86
		{EABD6390-522C-42B9-A0BB-7F3113B55928}.Release|Mixed Platforms.Build.0 = Release|x86
		{EABD6390-522C-42B9-A0BB-7F3113B55928}.Release|Mixed Platforms.Deploy.0 = Release|x86
		{EABD6390-522C-42B9-A0BB-7F3113B55928}.Release|x64.ActiveCfg = Release|x64
		{EABD6390-522C-42B9-A0BB-7F3113B55928}.Release|x64.Build.0 = Release|x64
		{EABD6390-522C-42B9-A0BB-7F3113B55928}.Release|x64.Deploy.0 = Release|x64
		{EABD6390-522C-42B9-A0BB-7F3113B55928}.Release|x86.ActiveCfg = Release|x86
		{EABD6390-522C-42B9-A0BB-7F3113B55928}.Release|x86.Build.0 = Release|x86
		{EABD6390-522C-42B9-A0BB-7F3113B55928}.Release|x86.Deploy.0 = Release|x86
		{1C0127A0-9B64-4EB4-A9FB-7948CAAFD1EA}.Debug|Any CPU.ActiveCfg = Debug|Any CPU
		{1C0127A0-9B64-4EB4-A9FB-7948CAAFD1EA}.Debug|Any CPU.Build.0 = Debug|Any CPU
		{1C0127A0-9B64-4EB4-A9FB-7948CAAFD1EA}.Debug|ARM.ActiveCfg = Debug|Any CPU
		{1C0127A0-9B64-4EB4-A9FB-7948CAAFD1EA}.Debug|Mixed Platforms.ActiveCfg = Debug|Any CPU
		{1C0127A0-9B64-4EB4-A9FB-7948CAAFD1EA}.Debug|Mixed Platforms.Build.0 = Debug|Any CPU
		{1C0127A0-9B64-4EB4-A9FB-7948CAAFD1EA}.Debug|x64.ActiveCfg = Debug|Any CPU
		{1C0127A0-9B64-4EB4-A9FB-7948CAAFD1EA}.Debug|x86.ActiveCfg = Debug|Any CPU
		{1C0127A0-9B64-4EB4-A9FB-7948CAAFD1EA}.Release|Any CPU.ActiveCfg = Release|Any CPU
		{1C0127A0-9B64-4EB4-A9FB-7948CAAFD1EA}.Release|Any CPU.Build.0 = Release|Any CPU
		{1C0127A0-9B64-4EB4-A9FB-7948CAAFD1EA}.Release|ARM.ActiveCfg = Release|Any CPU
		{1C0127A0-9B64-4EB4-A9FB-7948CAAFD1EA}.Release|Mixed Platforms.ActiveCfg = Release|Any CPU
		{1C0127A0-9B64-4EB4-A9FB-7948CAAFD1EA}.Release|Mixed Platforms.Build.0 = Release|Any CPU
		{1C0127A0-9B64-4EB4-A9FB-7948CAAFD1EA}.Release|x64.ActiveCfg = Release|Any CPU
		{1C0127A0-9B64-4EB4-A9FB-7948CAAFD1EA}.Release|x86.ActiveCfg = Release|Any CPU
		{281BF056-133D-41B7-9656-5575C0D2406F}.Debug|Any CPU.ActiveCfg = Debug|Any CPU
		{281BF056-133D-41B7-9656-5575C0D2406F}.Debug|Any CPU.Build.0 = Debug|Any CPU
		{281BF056-133D-41B7-9656-5575C0D2406F}.Debug|ARM.ActiveCfg = Debug|Any CPU
		{281BF056-133D-41B7-9656-5575C0D2406F}.Debug|Mixed Platforms.ActiveCfg = Debug|Any CPU
		{281BF056-133D-41B7-9656-5575C0D2406F}.Debug|Mixed Platforms.Build.0 = Debug|Any CPU
		{281BF056-133D-41B7-9656-5575C0D2406F}.Debug|x64.ActiveCfg = Debug|Any CPU
		{281BF056-133D-41B7-9656-5575C0D2406F}.Debug|x86.ActiveCfg = Debug|Any CPU
		{281BF056-133D-41B7-9656-5575C0D2406F}.Release|Any CPU.ActiveCfg = Release|Any CPU
		{281BF056-133D-41B7-9656-5575C0D2406F}.Release|Any CPU.Build.0 = Release|Any CPU
		{281BF056-133D-41B7-9656-5575C0D2406F}.Release|ARM.ActiveCfg = Release|Any CPU
		{281BF056-133D-41B7-9656-5575C0D2406F}.Release|Mixed Platforms.ActiveCfg = Release|Any CPU
		{281BF056-133D-41B7-9656-5575C0D2406F}.Release|Mixed Platforms.Build.0 = Release|Any CPU
		{281BF056-133D-41B7-9656-5575C0D2406F}.Release|x64.ActiveCfg = Release|Any CPU
		{281BF056-133D-41B7-9656-5575C0D2406F}.Release|x86.ActiveCfg = Release|Any CPU
	EndGlobalSection
	GlobalSection(SolutionProperties) = preSolution
		HideSolutionNode = FALSE
	EndGlobalSection
EndGlobal
