
Microsoft Visual Studio Solution File, Format Version 12.00
# Visual Studio 2012
Project("{FAE04EC0-301F-11D3-BF4B-00C04F79EFBC}") = "SelfMailer", "SelfMailer\SelfMailer.csproj", "{A28B9278-0798-41EF-AD82-0934606572F8}"
EndProject
Project("{FAE04EC0-301F-11D3-BF4B-00C04F79EFBC}") = "OperatorOverloading", "OperatorOverloading\OperatorOverloading.csproj", "{27B1E9C1-9FBE-42C7-ADD2-9F9B837977DF}"
EndProject
Project("{FAE04EC0-301F-11D3-BF4B-00C04F79EFBC}") = "IntroductionW8", "IntroductionW8\IntroductionW8.csproj", "{EABD6390-522C-42B9-A0BB-7F3113B55928}"
EndProject
Project("{FAE04EC0-301F-11D3-BF4B-00C04F79EFBC}") = "UnitTest", "UnitTest\UnitTest.csproj", "{1C0127A0-9B64-4EB4-A9FB-7948CAAFD1EA}"
EndProject
Project("{FAE04EC0-301F-11D3-BF4B-00C04F79EFBC}") = "RegularExpressions", "RegularExpressions\RegularExpressions.csproj", "{281BF056-133D-41B7-9656-5575C0D2406F}"
EndProject
Project("{FAE04EC0-301F-11D3-BF4B-00C04F79EFBC}") = "MultiThreading", "MultiThreading\MultiThreading.csproj", "{F03F1B01-6D7D-4A94-8570-D4BB460375A2}"
EndProject
Project("{FAE04EC0-301F-11D3-BF4B-00C04F79EFBC}") = "RemotingLibrary", "RemotingLibrary\RemotingLibrary.csproj", "{AD961E57-E612-41DE-8625-92CDED2689CE}"
EndProject
Project("{FAE04EC0-301F-11D3-BF4B-00C04F79EFBC}") = "RemotingClient", "RemotingClient\RemotingClient.csproj", "{6EF31B7E-8E6A-4FD2-B4E3-F2F50C89FB7F}"
EndProject
Project("{FAE04EC0-301F-11D3-BF4B-00C04F79EFBC}") = "RemotingServer", "RemotingServer\RemotingServer.csproj", "{9EF7CC15-AE10-447D-BD97-6C79BFB0F6C2}"
EndProject
Project("{FAE04EC0-301F-11D3-BF4B-00C04F79EFBC}") = "Reflection", "Reflection\Reflection.csproj", "{E7B0D38B-4F89-4961-96EC-A28479AF3D7D}"
EndProject
Project("{6141683F-8A12-4E36-9623-2EB02B2C2303}") = "Setup", "Setup\Setup.isproj", "{89FE9FF4-6A93-43B0-9680-1EDB94605F57}"
	ProjectSection(ProjectDependencies) = postProject
		{A28B9278-0798-41EF-AD82-0934606572F8} = {A28B9278-0798-41EF-AD82-0934606572F8}
	EndProjectSection
EndProject
Global
	GlobalSection(SolutionConfigurationPlatforms) = preSolution
		CD_ROM|Any CPU = CD_ROM|Any CPU
		CD_ROM|ARM = CD_ROM|ARM
		CD_ROM|Mixed Platforms = CD_ROM|Mixed Platforms
		CD_ROM|x64 = CD_ROM|x64
		CD_ROM|x86 = CD_ROM|x86
		Debug|Any CPU = Debug|Any CPU
		Debug|ARM = Debug|ARM
		Debug|Mixed Platforms = Debug|Mixed Platforms
		Debug|x64 = Debug|x64
		Debug|x86 = Debug|x86
		DVD-5|Any CPU = DVD-5|Any CPU
		DVD-5|ARM = DVD-5|ARM
		DVD-5|Mixed Platforms = DVD-5|Mixed Platforms
		DVD-5|x64 = DVD-5|x64
		DVD-5|x86 = DVD-5|x86
		Release|Any CPU = Release|Any CPU
		Release|ARM = Release|ARM
		Release|Mixed Platforms = Release|Mixed Platforms
		Release|x64 = Release|x64
		Release|x86 = Release|x86
		SingleImage|Any CPU = SingleImage|Any CPU
		SingleImage|ARM = SingleImage|ARM
		SingleImage|Mixed Platforms = SingleImage|Mixed Platforms
		SingleImage|x64 = SingleImage|x64
		SingleImage|x86 = SingleImage|x86
	EndGlobalSection
	GlobalSection(ProjectConfigurationPlatforms) = postSolution
		{A28B9278-0798-41EF-AD82-0934606572F8}.CD_ROM|Any CPU.ActiveCfg = Release|Any CPU
		{A28B9278-0798-41EF-AD82-0934606572F8}.CD_ROM|Any CPU.Build.0 = Release|Any CPU
		{A28B9278-0798-41EF-AD82-0934606572F8}.CD_ROM|ARM.ActiveCfg = Release|Any CPU
		{A28B9278-0798-41EF-AD82-0934606572F8}.CD_ROM|Mixed Platforms.ActiveCfg = Release|Any CPU
		{A28B9278-0798-41EF-AD82-0934606572F8}.CD_ROM|Mixed Platforms.Build.0 = Release|Any CPU
		{A28B9278-0798-41EF-AD82-0934606572F8}.CD_ROM|x64.ActiveCfg = Release|Any CPU
		{A28B9278-0798-41EF-AD82-0934606572F8}.CD_ROM|x86.ActiveCfg = Release|Any CPU
		{A28B9278-0798-41EF-AD82-0934606572F8}.Debug|Any CPU.ActiveCfg = Debug|Any CPU
		{A28B9278-0798-41EF-AD82-0934606572F8}.Debug|Any CPU.Build.0 = Debug|Any CPU
		{A28B9278-0798-41EF-AD82-0934606572F8}.Debug|ARM.ActiveCfg = Debug|Any CPU
		{A28B9278-0798-41EF-AD82-0934606572F8}.Debug|Mixed Platforms.ActiveCfg = Debug|Any CPU
		{A28B9278-0798-41EF-AD82-0934606572F8}.Debug|Mixed Platforms.Build.0 = Debug|Any CPU
		{A28B9278-0798-41EF-AD82-0934606572F8}.Debug|x64.ActiveCfg = Debug|Any CPU
		{A28B9278-0798-41EF-AD82-0934606572F8}.Debug|x86.ActiveCfg = Debug|Any CPU
		{A28B9278-0798-41EF-AD82-0934606572F8}.DVD-5|Any CPU.ActiveCfg = Debug|Any CPU
		{A28B9278-0798-41EF-AD82-0934606572F8}.DVD-5|Any CPU.Build.0 = Debug|Any CPU
		{A28B9278-0798-41EF-AD82-0934606572F8}.DVD-5|ARM.ActiveCfg = Debug|Any CPU
		{A28B9278-0798-41EF-AD82-0934606572F8}.DVD-5|Mixed Platforms.ActiveCfg = Debug|Any CPU
		{A28B9278-0798-41EF-AD82-0934606572F8}.DVD-5|Mixed Platforms.Build.0 = Debug|Any CPU
		{A28B9278-0798-41EF-AD82-0934606572F8}.DVD-5|x64.ActiveCfg = Debug|Any CPU
		{A28B9278-0798-41EF-AD82-0934606572F8}.DVD-5|x86.ActiveCfg = Debug|Any CPU
		{A28B9278-0798-41EF-AD82-0934606572F8}.Release|Any CPU.ActiveCfg = Release|Any CPU
		{A28B9278-0798-41EF-AD82-0934606572F8}.Release|Any CPU.Build.0 = Release|Any CPU
		{A28B9278-0798-41EF-AD82-0934606572F8}.Release|ARM.ActiveCfg = Release|Any CPU
		{A28B9278-0798-41EF-AD82-0934606572F8}.Release|Mixed Platforms.ActiveCfg = Release|Any CPU
		{A28B9278-0798-41EF-AD82-0934606572F8}.Release|Mixed Platforms.Build.0 = Release|Any CPU
		{A28B9278-0798-41EF-AD82-0934606572F8}.Release|x64.ActiveCfg = Release|Any CPU
		{A28B9278-0798-41EF-AD82-0934606572F8}.Release|x86.ActiveCfg = Release|Any CPU
		{A28B9278-0798-41EF-AD82-0934606572F8}.SingleImage|Any CPU.ActiveCfg = Release|Any CPU
		{A28B9278-0798-41EF-AD82-0934606572F8}.SingleImage|Any CPU.Build.0 = Release|Any CPU
		{A28B9278-0798-41EF-AD82-0934606572F8}.SingleImage|ARM.ActiveCfg = Release|Any CPU
		{A28B9278-0798-41EF-AD82-0934606572F8}.SingleImage|Mixed Platforms.ActiveCfg = Release|Any CPU
		{A28B9278-0798-41EF-AD82-0934606572F8}.SingleImage|Mixed Platforms.Build.0 = Release|Any CPU
		{A28B9278-0798-41EF-AD82-0934606572F8}.SingleImage|x64.ActiveCfg = Release|Any CPU
		{A28B9278-0798-41EF-AD82-0934606572F8}.SingleImage|x86.ActiveCfg = Release|Any CPU
		{27B1E9C1-9FBE-42C7-ADD2-9F9B837977DF}.CD_ROM|Any CPU.ActiveCfg = Release|x86
		{27B1E9C1-9FBE-42C7-ADD2-9F9B837977DF}.CD_ROM|ARM.ActiveCfg = Release|x86
		{27B1E9C1-9FBE-42C7-ADD2-9F9B837977DF}.CD_ROM|Mixed Platforms.ActiveCfg = Release|x86
		{27B1E9C1-9FBE-42C7-ADD2-9F9B837977DF}.CD_ROM|Mixed Platforms.Build.0 = Release|x86
		{27B1E9C1-9FBE-42C7-ADD2-9F9B837977DF}.CD_ROM|x64.ActiveCfg = Release|x86
		{27B1E9C1-9FBE-42C7-ADD2-9F9B837977DF}.CD_ROM|x86.ActiveCfg = Release|x86
		{27B1E9C1-9FBE-42C7-ADD2-9F9B837977DF}.CD_ROM|x86.Build.0 = Release|x86
		{27B1E9C1-9FBE-42C7-ADD2-9F9B837977DF}.Debug|Any CPU.ActiveCfg = Debug|x86
		{27B1E9C1-9FBE-42C7-ADD2-9F9B837977DF}.Debug|ARM.ActiveCfg = Debug|x86
		{27B1E9C1-9FBE-42C7-ADD2-9F9B837977DF}.Debug|Mixed Platforms.ActiveCfg = Debug|x86
		{27B1E9C1-9FBE-42C7-ADD2-9F9B837977DF}.Debug|Mixed Platforms.Build.0 = Debug|x86
		{27B1E9C1-9FBE-42C7-ADD2-9F9B837977DF}.Debug|x64.ActiveCfg = Debug|x86
		{27B1E9C1-9FBE-42C7-ADD2-9F9B837977DF}.Debug|x86.ActiveCfg = Debug|x86
		{27B1E9C1-9FBE-42C7-ADD2-9F9B837977DF}.Debug|x86.Build.0 = Debug|x86
		{27B1E9C1-9FBE-42C7-ADD2-9F9B837977DF}.DVD-5|Any CPU.ActiveCfg = Debug|x86
		{27B1E9C1-9FBE-42C7-ADD2-9F9B837977DF}.DVD-5|ARM.ActiveCfg = Debug|x86
		{27B1E9C1-9FBE-42C7-ADD2-9F9B837977DF}.DVD-5|Mixed Platforms.ActiveCfg = Debug|x86
		{27B1E9C1-9FBE-42C7-ADD2-9F9B837977DF}.DVD-5|Mixed Platforms.Build.0 = Debug|x86
		{27B1E9C1-9FBE-42C7-ADD2-9F9B837977DF}.DVD-5|x64.ActiveCfg = Debug|x86
		{27B1E9C1-9FBE-42C7-ADD2-9F9B837977DF}.DVD-5|x86.ActiveCfg = Debug|x86
		{27B1E9C1-9FBE-42C7-ADD2-9F9B837977DF}.DVD-5|x86.Build.0 = Debug|x86
		{27B1E9C1-9FBE-42C7-ADD2-9F9B837977DF}.Release|Any CPU.ActiveCfg = Release|x86
		{27B1E9C1-9FBE-42C7-ADD2-9F9B837977DF}.Release|ARM.ActiveCfg = Release|x86
		{27B1E9C1-9FBE-42C7-ADD2-9F9B837977DF}.Release|Mixed Platforms.ActiveCfg = Release|x86
		{27B1E9C1-9FBE-42C7-ADD2-9F9B837977DF}.Release|Mixed Platforms.Build.0 = Release|x86
		{27B1E9C1-9FBE-42C7-ADD2-9F9B837977DF}.Release|x64.ActiveCfg = Release|x86
		{27B1E9C1-9FBE-42C7-ADD2-9F9B837977DF}.Release|x86.ActiveCfg = Release|x86
		{27B1E9C1-9FBE-42C7-ADD2-9F9B837977DF}.Release|x86.Build.0 = Release|x86
		{27B1E9C1-9FBE-42C7-ADD2-9F9B837977DF}.SingleImage|Any CPU.ActiveCfg = Release|x86
		{27B1E9C1-9FBE-42C7-ADD2-9F9B837977DF}.SingleImage|ARM.ActiveCfg = Release|x86
		{27B1E9C1-9FBE-42C7-ADD2-9F9B837977DF}.SingleImage|Mixed Platforms.ActiveCfg = Release|x86
		{27B1E9C1-9FBE-42C7-ADD2-9F9B837977DF}.SingleImage|Mixed Platforms.Build.0 = Release|x86
		{27B1E9C1-9FBE-42C7-ADD2-9F9B837977DF}.SingleImage|x64.ActiveCfg = Release|x86
		{27B1E9C1-9FBE-42C7-ADD2-9F9B837977DF}.SingleImage|x86.ActiveCfg = Release|x86
		{27B1E9C1-9FBE-42C7-ADD2-9F9B837977DF}.SingleImage|x86.Build.0 = Release|x86
		{EABD6390-522C-42B9-A0BB-7F3113B55928}.CD_ROM|Any CPU.ActiveCfg = Release|Any CPU
		{EABD6390-522C-42B9-A0BB-7F3113B55928}.CD_ROM|Any CPU.Build.0 = Release|Any CPU
		{EABD6390-522C-42B9-A0BB-7F3113B55928}.CD_ROM|Any CPU.Deploy.0 = Release|Any CPU
		{EABD6390-522C-42B9-A0BB-7F3113B55928}.CD_ROM|ARM.ActiveCfg = Release|ARM
		{EABD6390-522C-42B9-A0BB-7F3113B55928}.CD_ROM|ARM.Build.0 = Release|ARM
		{EABD6390-522C-42B9-A0BB-7F3113B55928}.CD_ROM|ARM.Deploy.0 = Release|ARM
		{EABD6390-522C-42B9-A0BB-7F3113B55928}.CD_ROM|Mixed Platforms.ActiveCfg = Release|x86
		{EABD6390-522C-42B9-A0BB-7F3113B55928}.CD_ROM|Mixed Platforms.Build.0 = Release|x86
		{EABD6390-522C-42B9-A0BB-7F3113B55928}.CD_ROM|Mixed Platforms.Deploy.0 = Release|x86
		{EABD6390-522C-42B9-A0BB-7F3113B55928}.CD_ROM|x64.ActiveCfg = Release|x64
		{EABD6390-522C-42B9-A0BB-7F3113B55928}.CD_ROM|x64.Build.0 = Release|x64
		{EABD6390-522C-42B9-A0BB-7F3113B55928}.CD_ROM|x64.Deploy.0 = Release|x64
		{EABD6390-522C-42B9-A0BB-7F3113B55928}.CD_ROM|x86.ActiveCfg = Release|x86
		{EABD6390-522C-42B9-A0BB-7F3113B55928}.CD_ROM|x86.Build.0 = Release|x86
		{EABD6390-522C-42B9-A0BB-7F3113B55928}.CD_ROM|x86.Deploy.0 = Release|x86
		{EABD6390-522C-42B9-A0BB-7F3113B55928}.Debug|Any CPU.ActiveCfg = Debug|Any CPU
		{EABD6390-522C-42B9-A0BB-7F3113B55928}.Debug|Any CPU.Build.0 = Debug|Any CPU
		{EABD6390-522C-42B9-A0BB-7F3113B55928}.Debug|Any CPU.Deploy.0 = Debug|Any CPU
		{EABD6390-522C-42B9-A0BB-7F3113B55928}.Debug|ARM.ActiveCfg = Debug|ARM
		{EABD6390-522C-42B9-A0BB-7F3113B55928}.Debug|ARM.Build.0 = Debug|ARM
		{EABD6390-522C-42B9-A0BB-7F3113B55928}.Debug|ARM.Deploy.0 = Debug|ARM
		{EABD6390-522C-42B9-A0BB-7F3113B55928}.Debug|Mixed Platforms.ActiveCfg = Debug|x86
		{EABD6390-522C-42B9-A0BB-7F3113B55928}.Debug|Mixed Platforms.Build.0 = Debug|x86
		{EABD6390-522C-42B9-A0BB-7F3113B55928}.Debug|Mixed Platforms.Deploy.0 = Debug|x86
		{EABD6390-522C-42B9-A0BB-7F3113B55928}.Debug|x64.ActiveCfg = Debug|x64
		{EABD6390-522C-42B9-A0BB-7F3113B55928}.Debug|x64.Build.0 = Debug|x64
		{EABD6390-522C-42B9-A0BB-7F3113B55928}.Debug|x64.Deploy.0 = Debug|x64
		{EABD6390-522C-42B9-A0BB-7F3113B55928}.Debug|x86.ActiveCfg = Debug|x86
		{EABD6390-522C-42B9-A0BB-7F3113B55928}.Debug|x86.Build.0 = Debug|x86
		{EABD6390-522C-42B9-A0BB-7F3113B55928}.Debug|x86.Deploy.0 = Debug|x86
		{EABD6390-522C-42B9-A0BB-7F3113B55928}.DVD-5|Any CPU.ActiveCfg = Debug|Any CPU
		{EABD6390-522C-42B9-A0BB-7F3113B55928}.DVD-5|Any CPU.Build.0 = Debug|Any CPU
		{EABD6390-522C-42B9-A0BB-7F3113B55928}.DVD-5|Any CPU.Deploy.0 = Debug|Any CPU
		{EABD6390-522C-42B9-A0BB-7F3113B55928}.DVD-5|ARM.ActiveCfg = Debug|ARM
		{EABD6390-522C-42B9-A0BB-7F3113B55928}.DVD-5|ARM.Build.0 = Debug|ARM
		{EABD6390-522C-42B9-A0BB-7F3113B55928}.DVD-5|ARM.Deploy.0 = Debug|ARM
		{EABD6390-522C-42B9-A0BB-7F3113B55928}.DVD-5|Mixed Platforms.ActiveCfg = Debug|x86
		{EABD6390-522C-42B9-A0BB-7F3113B55928}.DVD-5|Mixed Platforms.Build.0 = Debug|x86
		{EABD6390-522C-42B9-A0BB-7F3113B55928}.DVD-5|Mixed Platforms.Deploy.0 = Debug|x86
		{EABD6390-522C-42B9-A0BB-7F3113B55928}.DVD-5|x64.ActiveCfg = Debug|x64
		{EABD6390-522C-42B9-A0BB-7F3113B55928}.DVD-5|x64.Build.0 = Debug|x64
		{EABD6390-522C-42B9-A0BB-7F3113B55928}.DVD-5|x64.Deploy.0 = Debug|x64
		{EABD6390-522C-42B9-A0BB-7F3113B55928}.DVD-5|x86.ActiveCfg = Debug|x86
		{EABD6390-522C-42B9-A0BB-7F3113B55928}.DVD-5|x86.Build.0 = Debug|x86
		{EABD6390-522C-42B9-A0BB-7F3113B55928}.DVD-5|x86.Deploy.0 = Debug|x86
		{EABD6390-522C-42B9-A0BB-7F3113B55928}.Release|Any CPU.ActiveCfg = Release|Any CPU
		{EABD6390-522C-42B9-A0BB-7F3113B55928}.Release|Any CPU.Build.0 = Release|Any CPU
		{EABD6390-522C-42B9-A0BB-7F3113B55928}.Release|Any CPU.Deploy.0 = Release|Any CPU
		{EABD6390-522C-42B9-A0BB-7F3113B55928}.Release|ARM.ActiveCfg = Release|ARM
		{EABD6390-522C-42B9-A0BB-7F3113B55928}.Release|ARM.Build.0 = Release|ARM
		{EABD6390-522C-42B9-A0BB-7F3113B55928}.Release|ARM.Deploy.0 = Release|ARM
		{EABD6390-522C-42B9-A0BB-7F3113B55928}.Release|Mixed Platforms.ActiveCfg = Release|x86
		{EABD6390-522C-42B9-A0BB-7F3113B55928}.Release|Mixed Platforms.Build.0 = Release|x86
		{EABD6390-522C-42B9-A0BB-7F3113B55928}.Release|Mixed Platforms.Deploy.0 = Release|x86
		{EABD6390-522C-42B9-A0BB-7F3113B55928}.Release|x64.ActiveCfg = Release|x64
		{EABD6390-522C-42B9-A0BB-7F3113B55928}.Release|x64.Build.0 = Release|x64
		{EABD6390-522C-42B9-A0BB-7F3113B55928}.Release|x64.Deploy.0 = Release|x64
		{EABD6390-522C-42B9-A0BB-7F3113B55928}.Release|x86.ActiveCfg = Release|x86
		{EABD6390-522C-42B9-A0BB-7F3113B55928}.Release|x86.Build.0 = Release|x86
		{EABD6390-522C-42B9-A0BB-7F3113B55928}.Release|x86.Deploy.0 = Release|x86
		{EABD6390-522C-42B9-A0BB-7F3113B55928}.SingleImage|Any CPU.ActiveCfg = Release|Any CPU
		{EABD6390-522C-42B9-A0BB-7F3113B55928}.SingleImage|Any CPU.Build.0 = Release|Any CPU
		{EABD6390-522C-42B9-A0BB-7F3113B55928}.SingleImage|Any CPU.Deploy.0 = Release|Any CPU
		{EABD6390-522C-42B9-A0BB-7F3113B55928}.SingleImage|ARM.ActiveCfg = Release|ARM
		{EABD6390-522C-42B9-A0BB-7F3113B55928}.SingleImage|ARM.Build.0 = Release|ARM
		{EABD6390-522C-42B9-A0BB-7F3113B55928}.SingleImage|ARM.Deploy.0 = Release|ARM
		{EABD6390-522C-42B9-A0BB-7F3113B55928}.SingleImage|Mixed Platforms.ActiveCfg = Release|x86
		{EABD6390-522C-42B9-A0BB-7F3113B55928}.SingleImage|Mixed Platforms.Build.0 = Release|x86
		{EABD6390-522C-42B9-A0BB-7F3113B55928}.SingleImage|Mixed Platforms.Deploy.0 = Release|x86
		{EABD6390-522C-42B9-A0BB-7F3113B55928}.SingleImage|x64.ActiveCfg = Release|x64
		{EABD6390-522C-42B9-A0BB-7F3113B55928}.SingleImage|x64.Build.0 = Release|x64
		{EABD6390-522C-42B9-A0BB-7F3113B55928}.SingleImage|x64.Deploy.0 = Release|x64
		{EABD6390-522C-42B9-A0BB-7F3113B55928}.SingleImage|x86.ActiveCfg = Release|x86
		{EABD6390-522C-42B9-A0BB-7F3113B55928}.SingleImage|x86.Build.0 = Release|x86
		{EABD6390-522C-42B9-A0BB-7F3113B55928}.SingleImage|x86.Deploy.0 = Release|x86
		{1C0127A0-9B64-4EB4-A9FB-7948CAAFD1EA}.CD_ROM|Any CPU.ActiveCfg = Release|Any CPU
		{1C0127A0-9B64-4EB4-A9FB-7948CAAFD1EA}.CD_ROM|Any CPU.Build.0 = Release|Any CPU
		{1C0127A0-9B64-4EB4-A9FB-7948CAAFD1EA}.CD_ROM|ARM.ActiveCfg = Release|Any CPU
		{1C0127A0-9B64-4EB4-A9FB-7948CAAFD1EA}.CD_ROM|Mixed Platforms.ActiveCfg = Release|Any CPU
		{1C0127A0-9B64-4EB4-A9FB-7948CAAFD1EA}.CD_ROM|Mixed Platforms.Build.0 = Release|Any CPU
		{1C0127A0-9B64-4EB4-A9FB-7948CAAFD1EA}.CD_ROM|x64.ActiveCfg = Release|Any CPU
		{1C0127A0-9B64-4EB4-A9FB-7948CAAFD1EA}.CD_ROM|x86.ActiveCfg = Release|Any CPU
		{1C0127A0-9B64-4EB4-A9FB-7948CAAFD1EA}.Debug|Any CPU.ActiveCfg = Debug|Any CPU
		{1C0127A0-9B64-4EB4-A9FB-7948CAAFD1EA}.Debug|Any CPU.Build.0 = Debug|Any CPU
		{1C0127A0-9B64-4EB4-A9FB-7948CAAFD1EA}.Debug|ARM.ActiveCfg = Debug|Any CPU
		{1C0127A0-9B64-4EB4-A9FB-7948CAAFD1EA}.Debug|Mixed Platforms.ActiveCfg = Debug|Any CPU
		{1C0127A0-9B64-4EB4-A9FB-7948CAAFD1EA}.Debug|Mixed Platforms.Build.0 = Debug|Any CPU
		{1C0127A0-9B64-4EB4-A9FB-7948CAAFD1EA}.Debug|x64.ActiveCfg = Debug|Any CPU
		{1C0127A0-9B64-4EB4-A9FB-7948CAAFD1EA}.Debug|x86.ActiveCfg = Debug|Any CPU
		{1C0127A0-9B64-4EB4-A9FB-7948CAAFD1EA}.DVD-5|Any CPU.ActiveCfg = Debug|Any CPU
		{1C0127A0-9B64-4EB4-A9FB-7948CAAFD1EA}.DVD-5|Any CPU.Build.0 = Debug|Any CPU
		{1C0127A0-9B64-4EB4-A9FB-7948CAAFD1EA}.DVD-5|ARM.ActiveCfg = Debug|Any CPU
		{1C0127A0-9B64-4EB4-A9FB-7948CAAFD1EA}.DVD-5|Mixed Platforms.ActiveCfg = Debug|Any CPU
		{1C0127A0-9B64-4EB4-A9FB-7948CAAFD1EA}.DVD-5|Mixed Platforms.Build.0 = Debug|Any CPU
		{1C0127A0-9B64-4EB4-A9FB-7948CAAFD1EA}.DVD-5|x64.ActiveCfg = Debug|Any CPU
		{1C0127A0-9B64-4EB4-A9FB-7948CAAFD1EA}.DVD-5|x86.ActiveCfg = Debug|Any CPU
		{1C0127A0-9B64-4EB4-A9FB-7948CAAFD1EA}.Release|Any CPU.ActiveCfg = Release|Any CPU
		{1C0127A0-9B64-4EB4-A9FB-7948CAAFD1EA}.Release|Any CPU.Build.0 = Release|Any CPU
		{1C0127A0-9B64-4EB4-A9FB-7948CAAFD1EA}.Release|ARM.ActiveCfg = Release|Any CPU
		{1C0127A0-9B64-4EB4-A9FB-7948CAAFD1EA}.Release|Mixed Platforms.ActiveCfg = Release|Any CPU
		{1C0127A0-9B64-4EB4-A9FB-7948CAAFD1EA}.Release|Mixed Platforms.Build.0 = Release|Any CPU
		{1C0127A0-9B64-4EB4-A9FB-7948CAAFD1EA}.Release|x64.ActiveCfg = Release|Any CPU
		{1C0127A0-9B64-4EB4-A9FB-7948CAAFD1EA}.Release|x86.ActiveCfg = Release|Any CPU
		{1C0127A0-9B64-4EB4-A9FB-7948CAAFD1EA}.SingleImage|Any CPU.ActiveCfg = Release|Any CPU
		{1C0127A0-9B64-4EB4-A9FB-7948CAAFD1EA}.SingleImage|Any CPU.Build.0 = Release|Any CPU
		{1C0127A0-9B64-4EB4-A9FB-7948CAAFD1EA}.SingleImage|ARM.ActiveCfg = Release|Any CPU
		{1C0127A0-9B64-4EB4-A9FB-7948CAAFD1EA}.SingleImage|Mixed Platforms.ActiveCfg = Release|Any CPU
		{1C0127A0-9B64-4EB4-A9FB-7948CAAFD1EA}.SingleImage|Mixed Platforms.Build.0 = Release|Any CPU
		{1C0127A0-9B64-4EB4-A9FB-7948CAAFD1EA}.SingleImage|x64.ActiveCfg = Release|Any CPU
		{1C0127A0-9B64-4EB4-A9FB-7948CAAFD1EA}.SingleImage|x86.ActiveCfg = Release|Any CPU
		{281BF056-133D-41B7-9656-5575C0D2406F}.CD_ROM|Any CPU.ActiveCfg = Release|Any CPU
		{281BF056-133D-41B7-9656-5575C0D2406F}.CD_ROM|Any CPU.Build.0 = Release|Any CPU
		{281BF056-133D-41B7-9656-5575C0D2406F}.CD_ROM|ARM.ActiveCfg = Release|Any CPU
		{281BF056-133D-41B7-9656-5575C0D2406F}.CD_ROM|Mixed Platforms.ActiveCfg = Release|Any CPU
		{281BF056-133D-41B7-9656-5575C0D2406F}.CD_ROM|Mixed Platforms.Build.0 = Release|Any CPU
		{281BF056-133D-41B7-9656-5575C0D2406F}.CD_ROM|x64.ActiveCfg = Release|Any CPU
		{281BF056-133D-41B7-9656-5575C0D2406F}.CD_ROM|x86.ActiveCfg = Release|Any CPU
		{281BF056-133D-41B7-9656-5575C0D2406F}.Debug|Any CPU.ActiveCfg = Debug|Any CPU
		{281BF056-133D-41B7-9656-5575C0D2406F}.Debug|Any CPU.Build.0 = Debug|Any CPU
		{281BF056-133D-41B7-9656-5575C0D2406F}.Debug|ARM.ActiveCfg = Debug|Any CPU
		{281BF056-133D-41B7-9656-5575C0D2406F}.Debug|Mixed Platforms.ActiveCfg = Debug|Any CPU
		{281BF056-133D-41B7-9656-5575C0D2406F}.Debug|Mixed Platforms.Build.0 = Debug|Any CPU
		{281BF056-133D-41B7-9656-5575C0D2406F}.Debug|x64.ActiveCfg = Debug|Any CPU
		{281BF056-133D-41B7-9656-5575C0D2406F}.Debug|x86.ActiveCfg = Debug|Any CPU
		{281BF056-133D-41B7-9656-5575C0D2406F}.DVD-5|Any CPU.ActiveCfg = Debug|Any CPU
		{281BF056-133D-41B7-9656-5575C0D2406F}.DVD-5|Any CPU.Build.0 = Debug|Any CPU
		{281BF056-133D-41B7-9656-5575C0D2406F}.DVD-5|ARM.ActiveCfg = Debug|Any CPU
		{281BF056-133D-41B7-9656-5575C0D2406F}.DVD-5|Mixed Platforms.ActiveCfg = Debug|Any CPU
		{281BF056-133D-41B7-9656-5575C0D2406F}.DVD-5|Mixed Platforms.Build.0 = Debug|Any CPU
		{281BF056-133D-41B7-9656-5575C0D2406F}.DVD-5|x64.ActiveCfg = Debug|Any CPU
		{281BF056-133D-41B7-9656-5575C0D2406F}.DVD-5|x86.ActiveCfg = Debug|Any CPU
		{281BF056-133D-41B7-9656-5575C0D2406F}.Release|Any CPU.ActiveCfg = Release|Any CPU
		{281BF056-133D-41B7-9656-5575C0D2406F}.Release|Any CPU.Build.0 = Release|Any CPU
		{281BF056-133D-41B7-9656-5575C0D2406F}.Release|ARM.ActiveCfg = Release|Any CPU
		{281BF056-133D-41B7-9656-5575C0D2406F}.Release|Mixed Platforms.ActiveCfg = Release|Any CPU
		{281BF056-133D-41B7-9656-5575C0D2406F}.Release|Mixed Platforms.Build.0 = Release|Any CPU
		{281BF056-133D-41B7-9656-5575C0D2406F}.Release|x64.ActiveCfg = Release|Any CPU
		{281BF056-133D-41B7-9656-5575C0D2406F}.Release|x86.ActiveCfg = Release|Any CPU
		{281BF056-133D-41B7-9656-5575C0D2406F}.SingleImage|Any CPU.ActiveCfg = Release|Any CPU
		{281BF056-133D-41B7-9656-5575C0D2406F}.SingleImage|Any CPU.Build.0 = Release|Any CPU
		{281BF056-133D-41B7-9656-5575C0D2406F}.SingleImage|ARM.ActiveCfg = Release|Any CPU
		{281BF056-133D-41B7-9656-5575C0D2406F}.SingleImage|Mixed Platforms.ActiveCfg = Release|Any CPU
		{281BF056-133D-41B7-9656-5575C0D2406F}.SingleImage|Mixed Platforms.Build.0 = Release|Any CPU
		{281BF056-133D-41B7-9656-5575C0D2406F}.SingleImage|x64.ActiveCfg = Release|Any CPU
		{281BF056-133D-41B7-9656-5575C0D2406F}.SingleImage|x86.ActiveCfg = Release|Any CPU
		{F03F1B01-6D7D-4A94-8570-D4BB460375A2}.CD_ROM|Any CPU.ActiveCfg = Release|Any CPU
		{F03F1B01-6D7D-4A94-8570-D4BB460375A2}.CD_ROM|Any CPU.Build.0 = Release|Any CPU
		{F03F1B01-6D7D-4A94-8570-D4BB460375A2}.CD_ROM|ARM.ActiveCfg = Release|Any CPU
		{F03F1B01-6D7D-4A94-8570-D4BB460375A2}.CD_ROM|Mixed Platforms.ActiveCfg = Release|Any CPU
		{F03F1B01-6D7D-4A94-8570-D4BB460375A2}.CD_ROM|Mixed Platforms.Build.0 = Release|Any CPU
		{F03F1B01-6D7D-4A94-8570-D4BB460375A2}.CD_ROM|x64.ActiveCfg = Release|Any CPU
		{F03F1B01-6D7D-4A94-8570-D4BB460375A2}.CD_ROM|x86.ActiveCfg = Release|Any CPU
		{F03F1B01-6D7D-4A94-8570-D4BB460375A2}.Debug|Any CPU.ActiveCfg = Debug|Any CPU
		{F03F1B01-6D7D-4A94-8570-D4BB460375A2}.Debug|Any CPU.Build.0 = Debug|Any CPU
		{F03F1B01-6D7D-4A94-8570-D4BB460375A2}.Debug|ARM.ActiveCfg = Debug|Any CPU
		{F03F1B01-6D7D-4A94-8570-D4BB460375A2}.Debug|Mixed Platforms.ActiveCfg = Debug|Any CPU
		{F03F1B01-6D7D-4A94-8570-D4BB460375A2}.Debug|Mixed Platforms.Build.0 = Debug|Any CPU
		{F03F1B01-6D7D-4A94-8570-D4BB460375A2}.Debug|x64.ActiveCfg = Debug|Any CPU
		{F03F1B01-6D7D-4A94-8570-D4BB460375A2}.Debug|x86.ActiveCfg = Debug|Any CPU
		{F03F1B01-6D7D-4A94-8570-D4BB460375A2}.DVD-5|Any CPU.ActiveCfg = Debug|Any CPU
		{F03F1B01-6D7D-4A94-8570-D4BB460375A2}.DVD-5|Any CPU.Build.0 = Debug|Any CPU
		{F03F1B01-6D7D-4A94-8570-D4BB460375A2}.DVD-5|ARM.ActiveCfg = Debug|Any CPU
		{F03F1B01-6D7D-4A94-8570-D4BB460375A2}.DVD-5|Mixed Platforms.ActiveCfg = Debug|Any CPU
		{F03F1B01-6D7D-4A94-8570-D4BB460375A2}.DVD-5|Mixed Platforms.Build.0 = Debug|Any CPU
		{F03F1B01-6D7D-4A94-8570-D4BB460375A2}.DVD-5|x64.ActiveCfg = Debug|Any CPU
		{F03F1B01-6D7D-4A94-8570-D4BB460375A2}.DVD-5|x86.ActiveCfg = Debug|Any CPU
		{F03F1B01-6D7D-4A94-8570-D4BB460375A2}.Release|Any CPU.ActiveCfg = Release|Any CPU
		{F03F1B01-6D7D-4A94-8570-D4BB460375A2}.Release|Any CPU.Build.0 = Release|Any CPU
		{F03F1B01-6D7D-4A94-8570-D4BB460375A2}.Release|ARM.ActiveCfg = Release|Any CPU
		{F03F1B01-6D7D-4A94-8570-D4BB460375A2}.Release|Mixed Platforms.ActiveCfg = Release|Any CPU
		{F03F1B01-6D7D-4A94-8570-D4BB460375A2}.Release|Mixed Platforms.Build.0 = Release|Any CPU
		{F03F1B01-6D7D-4A94-8570-D4BB460375A2}.Release|x64.ActiveCfg = Release|Any CPU
		{F03F1B01-6D7D-4A94-8570-D4BB460375A2}.Release|x86.ActiveCfg = Release|Any CPU
		{F03F1B01-6D7D-4A94-8570-D4BB460375A2}.SingleImage|Any CPU.ActiveCfg = Release|Any CPU
		{F03F1B01-6D7D-4A94-8570-D4BB460375A2}.SingleImage|Any CPU.Build.0 = Release|Any CPU
		{F03F1B01-6D7D-4A94-8570-D4BB460375A2}.SingleImage|ARM.ActiveCfg = Release|Any CPU
		{F03F1B01-6D7D-4A94-8570-D4BB460375A2}.SingleImage|Mixed Platforms.ActiveCfg = Release|Any CPU
		{F03F1B01-6D7D-4A94-8570-D4BB460375A2}.SingleImage|Mixed Platforms.Build.0 = Release|Any CPU
		{F03F1B01-6D7D-4A94-8570-D4BB460375A2}.SingleImage|x64.ActiveCfg = Release|Any CPU
		{F03F1B01-6D7D-4A94-8570-D4BB460375A2}.SingleImage|x86.ActiveCfg = Release|Any CPU
		{AD961E57-E612-41DE-8625-92CDED2689CE}.CD_ROM|Any CPU.ActiveCfg = Release|Any CPU
		{AD961E57-E612-41DE-8625-92CDED2689CE}.CD_ROM|Any CPU.Build.0 = Release|Any CPU
		{AD961E57-E612-41DE-8625-92CDED2689CE}.CD_ROM|ARM.ActiveCfg = Release|Any CPU
		{AD961E57-E612-41DE-8625-92CDED2689CE}.CD_ROM|Mixed Platforms.ActiveCfg = Release|Any CPU
		{AD961E57-E612-41DE-8625-92CDED2689CE}.CD_ROM|Mixed Platforms.Build.0 = Release|Any CPU
		{AD961E57-E612-41DE-8625-92CDED2689CE}.CD_ROM|x64.ActiveCfg = Release|Any CPU
		{AD961E57-E612-41DE-8625-92CDED2689CE}.CD_ROM|x86.ActiveCfg = Release|Any CPU
		{AD961E57-E612-41DE-8625-92CDED2689CE}.Debug|Any CPU.ActiveCfg = Debug|Any CPU
		{AD961E57-E612-41DE-8625-92CDED2689CE}.Debug|Any CPU.Build.0 = Debug|Any CPU
		{AD961E57-E612-41DE-8625-92CDED2689CE}.Debug|ARM.ActiveCfg = Debug|Any CPU
		{AD961E57-E612-41DE-8625-92CDED2689CE}.Debug|Mixed Platforms.ActiveCfg = Debug|Any CPU
		{AD961E57-E612-41DE-8625-92CDED2689CE}.Debug|Mixed Platforms.Build.0 = Debug|Any CPU
		{AD961E57-E612-41DE-8625-92CDED2689CE}.Debug|x64.ActiveCfg = Debug|Any CPU
		{AD961E57-E612-41DE-8625-92CDED2689CE}.Debug|x86.ActiveCfg = Debug|Any CPU
		{AD961E57-E612-41DE-8625-92CDED2689CE}.DVD-5|Any CPU.ActiveCfg = Debug|Any CPU
		{AD961E57-E612-41DE-8625-92CDED2689CE}.DVD-5|Any CPU.Build.0 = Debug|Any CPU
		{AD961E57-E612-41DE-8625-92CDED2689CE}.DVD-5|ARM.ActiveCfg = Debug|Any CPU
		{AD961E57-E612-41DE-8625-92CDED2689CE}.DVD-5|Mixed Platforms.ActiveCfg = Debug|Any CPU
		{AD961E57-E612-41DE-8625-92CDED2689CE}.DVD-5|Mixed Platforms.Build.0 = Debug|Any CPU
		{AD961E57-E612-41DE-8625-92CDED2689CE}.DVD-5|x64.ActiveCfg = Debug|Any CPU
		{AD961E57-E612-41DE-8625-92CDED2689CE}.DVD-5|x86.ActiveCfg = Debug|Any CPU
		{AD961E57-E612-41DE-8625-92CDED2689CE}.Release|Any CPU.ActiveCfg = Release|Any CPU
		{AD961E57-E612-41DE-8625-92CDED2689CE}.Release|Any CPU.Build.0 = Release|Any CPU
		{AD961E57-E612-41DE-8625-92CDED2689CE}.Release|ARM.ActiveCfg = Release|Any CPU
		{AD961E57-E612-41DE-8625-92CDED2689CE}.Release|Mixed Platforms.ActiveCfg = Release|Any CPU
		{AD961E57-E612-41DE-8625-92CDED2689CE}.Release|Mixed Platforms.Build.0 = Release|Any CPU
		{AD961E57-E612-41DE-8625-92CDED2689CE}.Release|x64.ActiveCfg = Release|Any CPU
		{AD961E57-E612-41DE-8625-92CDED2689CE}.Release|x86.ActiveCfg = Release|Any CPU
		{AD961E57-E612-41DE-8625-92CDED2689CE}.SingleImage|Any CPU.ActiveCfg = Release|Any CPU
		{AD961E57-E612-41DE-8625-92CDED2689CE}.SingleImage|Any CPU.Build.0 = Release|Any CPU
		{AD961E57-E612-41DE-8625-92CDED2689CE}.SingleImage|ARM.ActiveCfg = Release|Any CPU
		{AD961E57-E612-41DE-8625-92CDED2689CE}.SingleImage|Mixed Platforms.ActiveCfg = Release|Any CPU
		{AD961E57-E612-41DE-8625-92CDED2689CE}.SingleImage|Mixed Platforms.Build.0 = Release|Any CPU
		{AD961E57-E612-41DE-8625-92CDED2689CE}.SingleImage|x64.ActiveCfg = Release|Any CPU
		{AD961E57-E612-41DE-8625-92CDED2689CE}.SingleImage|x86.ActiveCfg = Release|Any CPU
		{6EF31B7E-8E6A-4FD2-B4E3-F2F50C89FB7F}.CD_ROM|Any CPU.ActiveCfg = Release|x86
		{6EF31B7E-8E6A-4FD2-B4E3-F2F50C89FB7F}.CD_ROM|ARM.ActiveCfg = Release|x86
		{6EF31B7E-8E6A-4FD2-B4E3-F2F50C89FB7F}.CD_ROM|Mixed Platforms.ActiveCfg = Release|x86
		{6EF31B7E-8E6A-4FD2-B4E3-F2F50C89FB7F}.CD_ROM|Mixed Platforms.Build.0 = Release|x86
		{6EF31B7E-8E6A-4FD2-B4E3-F2F50C89FB7F}.CD_ROM|x64.ActiveCfg = Release|x86
		{6EF31B7E-8E6A-4FD2-B4E3-F2F50C89FB7F}.CD_ROM|x86.ActiveCfg = Release|x86
		{6EF31B7E-8E6A-4FD2-B4E3-F2F50C89FB7F}.CD_ROM|x86.Build.0 = Release|x86
		{6EF31B7E-8E6A-4FD2-B4E3-F2F50C89FB7F}.Debug|Any CPU.ActiveCfg = Debug|x86
		{6EF31B7E-8E6A-4FD2-B4E3-F2F50C89FB7F}.Debug|ARM.ActiveCfg = Debug|x86
		{6EF31B7E-8E6A-4FD2-B4E3-F2F50C89FB7F}.Debug|Mixed Platforms.ActiveCfg = Debug|x86
		{6EF31B7E-8E6A-4FD2-B4E3-F2F50C89FB7F}.Debug|Mixed Platforms.Build.0 = Debug|x86
		{6EF31B7E-8E6A-4FD2-B4E3-F2F50C89FB7F}.Debug|x64.ActiveCfg = Debug|x86
		{6EF31B7E-8E6A-4FD2-B4E3-F2F50C89FB7F}.Debug|x86.ActiveCfg = Debug|x86
		{6EF31B7E-8E6A-4FD2-B4E3-F2F50C89FB7F}.Debug|x86.Build.0 = Debug|x86
		{6EF31B7E-8E6A-4FD2-B4E3-F2F50C89FB7F}.DVD-5|Any CPU.ActiveCfg = Debug|x86
		{6EF31B7E-8E6A-4FD2-B4E3-F2F50C89FB7F}.DVD-5|ARM.ActiveCfg = Debug|x86
		{6EF31B7E-8E6A-4FD2-B4E3-F2F50C89FB7F}.DVD-5|Mixed Platforms.ActiveCfg = Debug|x86
		{6EF31B7E-8E6A-4FD2-B4E3-F2F50C89FB7F}.DVD-5|Mixed Platforms.Build.0 = Debug|x86
		{6EF31B7E-8E6A-4FD2-B4E3-F2F50C89FB7F}.DVD-5|x64.ActiveCfg = Debug|x86
		{6EF31B7E-8E6A-4FD2-B4E3-F2F50C89FB7F}.DVD-5|x86.ActiveCfg = Debug|x86
		{6EF31B7E-8E6A-4FD2-B4E3-F2F50C89FB7F}.DVD-5|x86.Build.0 = Debug|x86
		{6EF31B7E-8E6A-4FD2-B4E3-F2F50C89FB7F}.Release|Any CPU.ActiveCfg = Release|x86
		{6EF31B7E-8E6A-4FD2-B4E3-F2F50C89FB7F}.Release|ARM.ActiveCfg = Release|x86
		{6EF31B7E-8E6A-4FD2-B4E3-F2F50C89FB7F}.Release|Mixed Platforms.ActiveCfg = Release|x86
		{6EF31B7E-8E6A-4FD2-B4E3-F2F50C89FB7F}.Release|Mixed Platforms.Build.0 = Release|x86
		{6EF31B7E-8E6A-4FD2-B4E3-F2F50C89FB7F}.Release|x64.ActiveCfg = Release|x86
		{6EF31B7E-8E6A-4FD2-B4E3-F2F50C89FB7F}.Release|x86.ActiveCfg = Release|x86
		{6EF31B7E-8E6A-4FD2-B4E3-F2F50C89FB7F}.Release|x86.Build.0 = Release|x86
		{6EF31B7E-8E6A-4FD2-B4E3-F2F50C89FB7F}.SingleImage|Any CPU.ActiveCfg = Release|x86
		{6EF31B7E-8E6A-4FD2-B4E3-F2F50C89FB7F}.SingleImage|ARM.ActiveCfg = Release|x86
		{6EF31B7E-8E6A-4FD2-B4E3-F2F50C89FB7F}.SingleImage|Mixed Platforms.ActiveCfg = Release|x86
		{6EF31B7E-8E6A-4FD2-B4E3-F2F50C89FB7F}.SingleImage|Mixed Platforms.Build.0 = Release|x86
		{6EF31B7E-8E6A-4FD2-B4E3-F2F50C89FB7F}.SingleImage|x64.ActiveCfg = Release|x86
		{6EF31B7E-8E6A-4FD2-B4E3-F2F50C89FB7F}.SingleImage|x86.ActiveCfg = Release|x86
		{6EF31B7E-8E6A-4FD2-B4E3-F2F50C89FB7F}.SingleImage|x86.Build.0 = Release|x86
		{9EF7CC15-AE10-447D-BD97-6C79BFB0F6C2}.CD_ROM|Any CPU.ActiveCfg = Release|x86
		{9EF7CC15-AE10-447D-BD97-6C79BFB0F6C2}.CD_ROM|ARM.ActiveCfg = Release|x86
		{9EF7CC15-AE10-447D-BD97-6C79BFB0F6C2}.CD_ROM|Mixed Platforms.ActiveCfg = Release|x86
		{9EF7CC15-AE10-447D-BD97-6C79BFB0F6C2}.CD_ROM|Mixed Platforms.Build.0 = Release|x86
		{9EF7CC15-AE10-447D-BD97-6C79BFB0F6C2}.CD_ROM|x64.ActiveCfg = Release|x86
		{9EF7CC15-AE10-447D-BD97-6C79BFB0F6C2}.CD_ROM|x86.ActiveCfg = Release|x86
		{9EF7CC15-AE10-447D-BD97-6C79BFB0F6C2}.CD_ROM|x86.Build.0 = Release|x86
		{9EF7CC15-AE10-447D-BD97-6C79BFB0F6C2}.Debug|Any CPU.ActiveCfg = Debug|x86
		{9EF7CC15-AE10-447D-BD97-6C79BFB0F6C2}.Debug|ARM.ActiveCfg = Debug|x86
		{9EF7CC15-AE10-447D-BD97-6C79BFB0F6C2}.Debug|Mixed Platforms.ActiveCfg = Debug|x86
		{9EF7CC15-AE10-447D-BD97-6C79BFB0F6C2}.Debug|Mixed Platforms.Build.0 = Debug|x86
		{9EF7CC15-AE10-447D-BD97-6C79BFB0F6C2}.Debug|x64.ActiveCfg = Debug|x86
		{9EF7CC15-AE10-447D-BD97-6C79BFB0F6C2}.Debug|x86.ActiveCfg = Debug|x86
		{9EF7CC15-AE10-447D-BD97-6C79BFB0F6C2}.Debug|x86.Build.0 = Debug|x86
		{9EF7CC15-AE10-447D-BD97-6C79BFB0F6C2}.DVD-5|Any CPU.ActiveCfg = Debug|x86
		{9EF7CC15-AE10-447D-BD97-6C79BFB0F6C2}.DVD-5|ARM.ActiveCfg = Debug|x86
		{9EF7CC15-AE10-447D-BD97-6C79BFB0F6C2}.DVD-5|Mixed Platforms.ActiveCfg = Debug|x86
		{9EF7CC15-AE10-447D-BD97-6C79BFB0F6C2}.DVD-5|Mixed Platforms.Build.0 = Debug|x86
		{9EF7CC15-AE10-447D-BD97-6C79BFB0F6C2}.DVD-5|x64.ActiveCfg = Debug|x86
		{9EF7CC15-AE10-447D-BD97-6C79BFB0F6C2}.DVD-5|x86.ActiveCfg = Debug|x86
		{9EF7CC15-AE10-447D-BD97-6C79BFB0F6C2}.DVD-5|x86.Build.0 = Debug|x86
		{9EF7CC15-AE10-447D-BD97-6C79BFB0F6C2}.Release|Any CPU.ActiveCfg = Release|x86
		{9EF7CC15-AE10-447D-BD97-6C79BFB0F6C2}.Release|ARM.ActiveCfg = Release|x86
		{9EF7CC15-AE10-447D-BD97-6C79BFB0F6C2}.Release|Mixed Platforms.ActiveCfg = Release|x86
		{9EF7CC15-AE10-447D-BD97-6C79BFB0F6C2}.Release|Mixed Platforms.Build.0 = Release|x86
		{9EF7CC15-AE10-447D-BD97-6C79BFB0F6C2}.Release|x64.ActiveCfg = Release|x86
		{9EF7CC15-AE10-447D-BD97-6C79BFB0F6C2}.Release|x86.ActiveCfg = Release|x86
		{9EF7CC15-AE10-447D-BD97-6C79BFB0F6C2}.Release|x86.Build.0 = Release|x86
		{9EF7CC15-AE10-447D-BD97-6C79BFB0F6C2}.SingleImage|Any CPU.ActiveCfg = Release|x86
		{9EF7CC15-AE10-447D-BD97-6C79BFB0F6C2}.SingleImage|ARM.ActiveCfg = Release|x86
		{9EF7CC15-AE10-447D-BD97-6C79BFB0F6C2}.SingleImage|Mixed Platforms.ActiveCfg = Release|x86
		{9EF7CC15-AE10-447D-BD97-6C79BFB0F6C2}.SingleImage|Mixed Platforms.Build.0 = Release|x86
		{9EF7CC15-AE10-447D-BD97-6C79BFB0F6C2}.SingleImage|x64.ActiveCfg = Release|x86
		{9EF7CC15-AE10-447D-BD97-6C79BFB0F6C2}.SingleImage|x86.ActiveCfg = Release|x86
		{9EF7CC15-AE10-447D-BD97-6C79BFB0F6C2}.SingleImage|x86.Build.0 = Release|x86
		{E7B0D38B-4F89-4961-96EC-A28479AF3D7D}.CD_ROM|Any CPU.ActiveCfg = Release|x86
		{E7B0D38B-4F89-4961-96EC-A28479AF3D7D}.CD_ROM|ARM.ActiveCfg = Release|x86
		{E7B0D38B-4F89-4961-96EC-A28479AF3D7D}.CD_ROM|Mixed Platforms.ActiveCfg = Release|x86
		{E7B0D38B-4F89-4961-96EC-A28479AF3D7D}.CD_ROM|Mixed Platforms.Build.0 = Release|x86
		{E7B0D38B-4F89-4961-96EC-A28479AF3D7D}.CD_ROM|x64.ActiveCfg = Release|x86
		{E7B0D38B-4F89-4961-96EC-A28479AF3D7D}.CD_ROM|x86.ActiveCfg = Release|x86
		{E7B0D38B-4F89-4961-96EC-A28479AF3D7D}.CD_ROM|x86.Build.0 = Release|x86
		{E7B0D38B-4F89-4961-96EC-A28479AF3D7D}.Debug|Any CPU.ActiveCfg = Debug|x86
		{E7B0D38B-4F89-4961-96EC-A28479AF3D7D}.Debug|ARM.ActiveCfg = Debug|x86
		{E7B0D38B-4F89-4961-96EC-A28479AF3D7D}.Debug|Mixed Platforms.ActiveCfg = Debug|x86
		{E7B0D38B-4F89-4961-96EC-A28479AF3D7D}.Debug|Mixed Platforms.Build.0 = Debug|x86
		{E7B0D38B-4F89-4961-96EC-A28479AF3D7D}.Debug|x64.ActiveCfg = Debug|x86
		{E7B0D38B-4F89-4961-96EC-A28479AF3D7D}.Debug|x86.ActiveCfg = Debug|x86
		{E7B0D38B-4F89-4961-96EC-A28479AF3D7D}.Debug|x86.Build.0 = Debug|x86
		{E7B0D38B-4F89-4961-96EC-A28479AF3D7D}.DVD-5|Any CPU.ActiveCfg = Debug|x86
		{E7B0D38B-4F89-4961-96EC-A28479AF3D7D}.DVD-5|ARM.ActiveCfg = Debug|x86
		{E7B0D38B-4F89-4961-96EC-A28479AF3D7D}.DVD-5|Mixed Platforms.ActiveCfg = Debug|x86
		{E7B0D38B-4F89-4961-96EC-A28479AF3D7D}.DVD-5|Mixed Platforms.Build.0 = Debug|x86
		{E7B0D38B-4F89-4961-96EC-A28479AF3D7D}.DVD-5|x64.ActiveCfg = Debug|x86
		{E7B0D38B-4F89-4961-96EC-A28479AF3D7D}.DVD-5|x86.ActiveCfg = Debug|x86
		{E7B0D38B-4F89-4961-96EC-A28479AF3D7D}.DVD-5|x86.Build.0 = Debug|x86
		{E7B0D38B-4F89-4961-96EC-A28479AF3D7D}.Release|Any CPU.ActiveCfg = Release|x86
		{E7B0D38B-4F89-4961-96EC-A28479AF3D7D}.Release|ARM.ActiveCfg = Release|x86
		{E7B0D38B-4F89-4961-96EC-A28479AF3D7D}.Release|Mixed Platforms.ActiveCfg = Release|x86
		{E7B0D38B-4F89-4961-96EC-A28479AF3D7D}.Release|Mixed Platforms.Build.0 = Release|x86
		{E7B0D38B-4F89-4961-96EC-A28479AF3D7D}.Release|x64.ActiveCfg = Release|x86
		{E7B0D38B-4F89-4961-96EC-A28479AF3D7D}.Release|x86.ActiveCfg = Release|x86
		{E7B0D38B-4F89-4961-96EC-A28479AF3D7D}.Release|x86.Build.0 = Release|x86
		{E7B0D38B-4F89-4961-96EC-A28479AF3D7D}.SingleImage|Any CPU.ActiveCfg = Release|x86
		{E7B0D38B-4F89-4961-96EC-A28479AF3D7D}.SingleImage|ARM.ActiveCfg = Release|x86
		{E7B0D38B-4F89-4961-96EC-A28479AF3D7D}.SingleImage|Mixed Platforms.ActiveCfg = Release|x86
		{E7B0D38B-4F89-4961-96EC-A28479AF3D7D}.SingleImage|Mixed Platforms.Build.0 = Release|x86
		{E7B0D38B-4F89-4961-96EC-A28479AF3D7D}.SingleImage|x64.ActiveCfg = Release|x86
		{E7B0D38B-4F89-4961-96EC-A28479AF3D7D}.SingleImage|x86.ActiveCfg = Release|x86
		{E7B0D38B-4F89-4961-96EC-A28479AF3D7D}.SingleImage|x86.Build.0 = Release|x86
		{89FE9FF4-6A93-43B0-9680-1EDB94605F57}.CD_ROM|Any CPU.ActiveCfg = CD_ROM
		{89FE9FF4-6A93-43B0-9680-1EDB94605F57}.CD_ROM|Any CPU.Build.0 = CD_ROM
		{89FE9FF4-6A93-43B0-9680-1EDB94605F57}.CD_ROM|ARM.ActiveCfg = CD_ROM
		{89FE9FF4-6A93-43B0-9680-1EDB94605F57}.CD_ROM|ARM.Build.0 = CD_ROM
		{89FE9FF4-6A93-43B0-9680-1EDB94605F57}.CD_ROM|Mixed Platforms.ActiveCfg = CD_ROM
		{89FE9FF4-6A93-43B0-9680-1EDB94605F57}.CD_ROM|Mixed Platforms.Build.0 = CD_ROM
		{89FE9FF4-6A93-43B0-9680-1EDB94605F57}.CD_ROM|x64.ActiveCfg = CD_ROM
		{89FE9FF4-6A93-43B0-9680-1EDB94605F57}.CD_ROM|x64.Build.0 = CD_ROM
		{89FE9FF4-6A93-43B0-9680-1EDB94605F57}.CD_ROM|x86.ActiveCfg = CD_ROM
		{89FE9FF4-6A93-43B0-9680-1EDB94605F57}.CD_ROM|x86.Build.0 = CD_ROM
		{89FE9FF4-6A93-43B0-9680-1EDB94605F57}.Debug|Any CPU.ActiveCfg = DVD-5
		{89FE9FF4-6A93-43B0-9680-1EDB94605F57}.Debug|Any CPU.Build.0 = DVD-5
		{89FE9FF4-6A93-43B0-9680-1EDB94605F57}.Debug|ARM.ActiveCfg = DVD-5
		{89FE9FF4-6A93-43B0-9680-1EDB94605F57}.Debug|ARM.Build.0 = DVD-5
		{89FE9FF4-6A93-43B0-9680-1EDB94605F57}.Debug|Mixed Platforms.ActiveCfg = DVD-5
		{89FE9FF4-6A93-43B0-9680-1EDB94605F57}.Debug|Mixed Platforms.Build.0 = DVD-5
		{89FE9FF4-6A93-43B0-9680-1EDB94605F57}.Debug|x64.ActiveCfg = DVD-5
		{89FE9FF4-6A93-43B0-9680-1EDB94605F57}.Debug|x64.Build.0 = DVD-5
		{89FE9FF4-6A93-43B0-9680-1EDB94605F57}.Debug|x86.ActiveCfg = DVD-5
		{89FE9FF4-6A93-43B0-9680-1EDB94605F57}.Debug|x86.Build.0 = DVD-5
		{89FE9FF4-6A93-43B0-9680-1EDB94605F57}.DVD-5|Any CPU.ActiveCfg = DVD-5
		{89FE9FF4-6A93-43B0-9680-1EDB94605F57}.DVD-5|Any CPU.Build.0 = DVD-5
		{89FE9FF4-6A93-43B0-9680-1EDB94605F57}.DVD-5|ARM.ActiveCfg = DVD-5
		{89FE9FF4-6A93-43B0-9680-1EDB94605F57}.DVD-5|ARM.Build.0 = DVD-5
		{89FE9FF4-6A93-43B0-9680-1EDB94605F57}.DVD-5|Mixed Platforms.ActiveCfg = DVD-5
		{89FE9FF4-6A93-43B0-9680-1EDB94605F57}.DVD-5|Mixed Platforms.Build.0 = DVD-5
		{89FE9FF4-6A93-43B0-9680-1EDB94605F57}.DVD-5|x64.ActiveCfg = DVD-5
		{89FE9FF4-6A93-43B0-9680-1EDB94605F57}.DVD-5|x64.Build.0 = DVD-5
		{89FE9FF4-6A93-43B0-9680-1EDB94605F57}.DVD-5|x86.ActiveCfg = DVD-5
		{89FE9FF4-6A93-43B0-9680-1EDB94605F57}.DVD-5|x86.Build.0 = DVD-5
		{89FE9FF4-6A93-43B0-9680-1EDB94605F57}.Release|Any CPU.ActiveCfg = SingleImage
		{89FE9FF4-6A93-43B0-9680-1EDB94605F57}.Release|Any CPU.Build.0 = SingleImage
		{89FE9FF4-6A93-43B0-9680-1EDB94605F57}.Release|ARM.ActiveCfg = SingleImage
		{89FE9FF4-6A93-43B0-9680-1EDB94605F57}.Release|ARM.Build.0 = SingleImage
		{89FE9FF4-6A93-43B0-9680-1EDB94605F57}.Release|Mixed Platforms.ActiveCfg = SingleImage
		{89FE9FF4-6A93-43B0-9680-1EDB94605F57}.Release|Mixed Platforms.Build.0 = SingleImage
		{89FE9FF4-6A93-43B0-9680-1EDB94605F57}.Release|x64.ActiveCfg = SingleImage
		{89FE9FF4-6A93-43B0-9680-1EDB94605F57}.Release|x64.Build.0 = SingleImage
		{89FE9FF4-6A93-43B0-9680-1EDB94605F57}.Release|x86.ActiveCfg = SingleImage
		{89FE9FF4-6A93-43B0-9680-1EDB94605F57}.Release|x86.Build.0 = SingleImage
		{89FE9FF4-6A93-43B0-9680-1EDB94605F57}.SingleImage|Any CPU.ActiveCfg = SingleImage
		{89FE9FF4-6A93-43B0-9680-1EDB94605F57}.SingleImage|Any CPU.Build.0 = SingleImage
		{89FE9FF4-6A93-43B0-9680-1EDB94605F57}.SingleImage|ARM.ActiveCfg = SingleImage
		{89FE9FF4-6A93-43B0-9680-1EDB94605F57}.SingleImage|ARM.Build.0 = SingleImage
		{89FE9FF4-6A93-43B0-9680-1EDB94605F57}.SingleImage|Mixed Platforms.ActiveCfg = SingleImage
		{89FE9FF4-6A93-43B0-9680-1EDB94605F57}.SingleImage|Mixed Platforms.Build.0 = SingleImage
		{89FE9FF4-6A93-43B0-9680-1EDB94605F57}.SingleImage|x64.ActiveCfg = SingleImage
		{89FE9FF4-6A93-43B0-9680-1EDB94605F57}.SingleImage|x64.Build.0 = SingleImage
		{89FE9FF4-6A93-43B0-9680-1EDB94605F57}.SingleImage|x86.ActiveCfg = SingleImage
		{89FE9FF4-6A93-43B0-9680-1EDB94605F57}.SingleImage|x86.Build.0 = SingleImage
	EndGlobalSection
	GlobalSection(SolutionProperties) = preSolution
		HideSolutionNode = FALSE
	EndGlobalSection
EndGlobal
